
Microsoft Visual Studio Solution File, Format Version 12.00
# Visual Studio 15
Project("{FAE04EC0-301F-11D3-BF4B-00C04F79EFBC}") = "Mirror", "Mirror.csproj", "{E6D3734E-4772-9301-AC3D-2306316DF3D4}"
EndProject
Project("{FAE04EC0-301F-11D3-BF4B-00C04F79EFBC}") = "Mirror.Components", "Mirror.Components.csproj", "{1BAE8235-8213-14F1-53D1-8ED33CF776D3}"
EndProject
Project("{FAE04EC0-301F-11D3-BF4B-00C04F79EFBC}") = "SimpleWebTransport", "SimpleWebTransport.csproj", "{4EEEB8EE-0321-07A0-D2AB-E395A5FB582A}"
EndProject
Project("{FAE04EC0-301F-11D3-BF4B-00C04F79EFBC}") = "kcp2k", "kcp2k.csproj", "{656ADE87-26A7-2374-EB1A-C69EB0B0EFE5}"
EndProject
Project("{FAE04EC0-301F-11D3-BF4B-00C04F79EFBC}") = "Telepathy", "Telepathy.csproj", "{D1921690-6ADC-CA16-39DF-4ECFD22731C7}"
EndProject
Project("{FAE04EC0-301F-11D3-BF4B-00C04F79EFBC}") = "Mirror.Authenticators", "Mirror.Authenticators.csproj", "{B4BD43C0-0380-8B24-BACC-348F5DD6F6F7}"
EndProject
Project("{FAE04EC0-301F-11D3-BF4B-00C04F79EFBC}") = "Assembly-CSharp", "Assembly-CSharp.csproj", "{47DDB8FF-FECD-F0E0-1806-3F7FBE81B4FA}"
EndProject
Project("{FAE04EC0-301F-11D3-BF4B-00C04F79EFBC}") = "where-allocations", "where-allocations.csproj", "{3532D2DD-E953-6D1A-34B3-798BEC8D808E}"
EndProject
Project("{FAE04EC0-301F-11D3-BF4B-00C04F79EFBC}") = "Unity.Mirror.CodeGen", "Unity.Mirror.CodeGen.csproj", "{67237825-24FA-96FF-33EC-5E522711F39D}"
EndProject
Project("{FAE04EC0-301F-11D3-BF4B-00C04F79EFBC}") = "Mirror.Editor", "Mirror.Editor.csproj", "{8DC2F275-6AB4-8F23-E045-D6D34ACA2352}"
EndProject
Project("{FAE04EC0-301F-11D3-BF4B-00C04F79EFBC}") = "Mirror.CompilerSymbols", "Mirror.CompilerSymbols.csproj", "{4DFC61B6-E5D0-4B95-0C78-05A94B26B2AA}"
EndProject
Global
	GlobalSection(SolutionConfigurationPlatforms) = preSolution
		Debug|Any CPU = Debug|Any CPU
		Release|Any CPU = Release|Any CPU
	EndGlobalSection
	GlobalSection(ProjectConfigurationPlatforms) = postSolution
		{E6D3734E-4772-9301-AC3D-2306316DF3D4}.Debug|Any CPU.ActiveCfg = Debug|Any CPU
		{E6D3734E-4772-9301-AC3D-2306316DF3D4}.Debug|Any CPU.Build.0 = Debug|Any CPU
		{E6D3734E-4772-9301-AC3D-2306316DF3D4}.Release|Any CPU.ActiveCfg = Release|Any CPU
		{E6D3734E-4772-9301-AC3D-2306316DF3D4}.Release|Any CPU.Build.0 = Release|Any CPU
		{1BAE8235-8213-14F1-53D1-8ED33CF776D3}.Debug|Any CPU.ActiveCfg = Debug|Any CPU
		{1BAE8235-8213-14F1-53D1-8ED33CF776D3}.Debug|Any CPU.Build.0 = Debug|Any CPU
		{1BAE8235-8213-14F1-53D1-8ED33CF776D3}.Release|Any CPU.ActiveCfg = Release|Any CPU
		{1BAE8235-8213-14F1-53D1-8ED33CF776D3}.Release|Any CPU.Build.0 = Release|Any CPU
		{4EEEB8EE-0321-07A0-D2AB-E395A5FB582A}.Debug|Any CPU.ActiveCfg = Debug|Any CPU
		{4EEEB8EE-0321-07A0-D2AB-E395A5FB582A}.Debug|Any CPU.Build.0 = Debug|Any CPU
		{4EEEB8EE-0321-07A0-D2AB-E395A5FB582A}.Release|Any CPU.ActiveCfg = Release|Any CPU
		{4EEEB8EE-0321-07A0-D2AB-E395A5FB582A}.Release|Any CPU.Build.0 = Release|Any CPU
		{656ADE87-26A7-2374-EB1A-C69EB0B0EFE5}.Debug|Any CPU.ActiveCfg = Debug|Any CPU
		{656ADE87-26A7-2374-EB1A-C69EB0B0EFE5}.Debug|Any CPU.Build.0 = Debug|Any CPU
		{656ADE87-26A7-2374-EB1A-C69EB0B0EFE5}.Release|Any CPU.ActiveCfg = Release|Any CPU
		{656ADE87-26A7-2374-EB1A-C69EB0B0EFE5}.Release|Any CPU.Build.0 = Release|Any CPU
		{D1921690-6ADC-CA16-39DF-4ECFD22731C7}.Debug|Any CPU.ActiveCfg = Debug|Any CPU
		{D1921690-6ADC-CA16-39DF-4ECFD22731C7}.Debug|Any CPU.Build.0 = Debug|Any CPU
		{D1921690-6ADC-CA16-39DF-4ECFD22731C7}.Release|Any CPU.ActiveCfg = Release|Any CPU
		{D1921690-6ADC-CA16-39DF-4ECFD22731C7}.Release|Any CPU.Build.0 = Release|Any CPU
		{B4BD43C0-0380-8B24-BACC-348F5DD6F6F7}.Debug|Any CPU.ActiveCfg = Debug|Any CPU
		{B4BD43C0-0380-8B24-BACC-348F5DD6F6F7}.Debug|Any CPU.Build.0 = Debug|Any CPU
		{B4BD43C0-0380-8B24-BACC-348F5DD6F6F7}.Release|Any CPU.ActiveCfg = Release|Any CPU
		{B4BD43C0-0380-8B24-BACC-348F5DD6F6F7}.Release|Any CPU.Build.0 = Release|Any CPU
		{47DDB8FF-FECD-F0E0-1806-3F7FBE81B4FA}.Debug|Any CPU.ActiveCfg = Debug|Any CPU
		{47DDB8FF-FECD-F0E0-1806-3F7FBE81B4FA}.Debug|Any CPU.Build.0 = Debug|Any CPU
		{47DDB8FF-FECD-F0E0-1806-3F7FBE81B4FA}.Release|Any CPU.ActiveCfg = Release|Any CPU
		{47DDB8FF-FECD-F0E0-1806-3F7FBE81B4FA}.Release|Any CPU.Build.0 = Release|Any CPU
		{3532D2DD-E953-6D1A-34B3-798BEC8D808E}.Debug|Any CPU.ActiveCfg = Debug|Any CPU
		{3532D2DD-E953-6D1A-34B3-798BEC8D808E}.Debug|Any CPU.Build.0 = Debug|Any CPU
		{3532D2DD-E953-6D1A-34B3-798BEC8D808E}.Release|Any CPU.ActiveCfg = Release|Any CPU
		{3532D2DD-E953-6D1A-34B3-798BEC8D808E}.Release|Any CPU.Build.0 = Release|Any CPU
		{67237825-24FA-96FF-33EC-5E522711F39D}.Debug|Any CPU.ActiveCfg = Debug|Any CPU
		{67237825-24FA-96FF-33EC-5E522711F39D}.Debug|Any CPU.Build.0 = Debug|Any CPU
		{67237825-24FA-96FF-33EC-5E522711F39D}.Release|Any CPU.ActiveCfg = Release|Any CPU
		{67237825-24FA-96FF-33EC-5E522711F39D}.Release|Any CPU.Build.0 = Release|Any CPU
		{8DC2F275-6AB4-8F23-E045-D6D34ACA2352}.Debug|Any CPU.ActiveCfg = Debug|Any CPU
		{8DC2F275-6AB4-8F23-E045-D6D34ACA2352}.Debug|Any CPU.Build.0 = Debug|Any CPU
		{8DC2F275-6AB4-8F23-E045-D6D34ACA2352}.Release|Any CPU.ActiveCfg = Release|Any CPU
		{8DC2F275-6AB4-8F23-E045-D6D34ACA2352}.Release|Any CPU.Build.0 = Release|Any CPU
		{4DFC61B6-E5D0-4B95-0C78-05A94B26B2AA}.Debug|Any CPU.ActiveCfg = Debug|Any CPU
		{4DFC61B6-E5D0-4B95-0C78-05A94B26B2AA}.Debug|Any CPU.Build.0 = Debug|Any CPU
		{4DFC61B6-E5D0-4B95-0C78-05A94B26B2AA}.Release|Any CPU.ActiveCfg = Release|Any CPU
		{4DFC61B6-E5D0-4B95-0C78-05A94B26B2AA}.Release|Any CPU.Build.0 = Release|Any CPU
	EndGlobalSection
	GlobalSection(SolutionProperties) = preSolution
		HideSolutionNode = FALSE
	EndGlobalSection
EndGlobal
