
Microsoft Visual Studio Solution File, Format Version 12.00
# Visual Studio 15
Project("{FAE04EC0-301F-11D3-BF4B-00C04F79EFBC}") = "SimpleWebTransport", "SimpleWebTransport.csproj", "{AC33E64B-23E7-3CDB-0432-3B91F98312E0}"
EndProject
Project("{FAE04EC0-301F-11D3-BF4B-00C04F79EFBC}") = "Mirror", "Mirror.csproj", "{BD293A5A-441C-EB4E-B554-0310EB9233EC}"
EndProject
Project("{FAE04EC0-301F-11D3-BF4B-00C04F79EFBC}") = "Mirror.Components", "Mirror.Components.csproj", "{223BB85F-8007-D3DF-BE50-0FB5142B4C92}"
EndProject
Project("{FAE04EC0-301F-11D3-BF4B-00C04F79EFBC}") = "kcp2k", "kcp2k.csproj", "{6BD526AF-3E68-7F57-CA3E-C1DC402579AD}"
EndProject
Project("{FAE04EC0-301F-11D3-BF4B-00C04F79EFBC}") = "Mirror.Authenticators", "Mirror.Authenticators.csproj", "{6232827D-E4A7-16ED-BA6E-E823F674E344}"
EndProject
Project("{FAE04EC0-301F-11D3-BF4B-00C04F79EFBC}") = "Telepathy", "Telepathy.csproj", "{03B8D9E6-A950-121F-4405-07D4D1D7BC55}"
EndProject
Project("{FAE04EC0-301F-11D3-BF4B-00C04F79EFBC}") = "where-allocations", "where-allocations.csproj", "{0770F191-1637-809A-E2B6-0159796BE420}"
EndProject
Project("{FAE04EC0-301F-11D3-BF4B-00C04F79EFBC}") = "Assembly-CSharp", "Assembly-CSharp.csproj", "{448C4A45-EC71-C53F-1BC3-35C18593C740}"
EndProject
Project("{FAE04EC0-301F-11D3-BF4B-00C04F79EFBC}") = "Unity.Mirror.CodeGen", "Unity.Mirror.CodeGen.csproj", "{D99CADC5-6539-DAC7-7455-DDC563EC6ABD}"
EndProject
Project("{FAE04EC0-301F-11D3-BF4B-00C04F79EFBC}") = "Mirror.Editor", "Mirror.Editor.csproj", "{F24232AE-BC41-0171-EC81-EE5853D6B220}"
EndProject
Project("{FAE04EC0-301F-11D3-BF4B-00C04F79EFBC}") = "Mirror.CompilerSymbols", "Mirror.CompilerSymbols.csproj", "{F23AD8C5-5F60-20D4-D1B9-D1182250024E}"
EndProject
Global
	GlobalSection(SolutionConfigurationPlatforms) = preSolution
		Debug|Any CPU = Debug|Any CPU
		Release|Any CPU = Release|Any CPU
	EndGlobalSection
	GlobalSection(ProjectConfigurationPlatforms) = postSolution
		{AC33E64B-23E7-3CDB-0432-3B91F98312E0}.Debug|Any CPU.ActiveCfg = Debug|Any CPU
		{AC33E64B-23E7-3CDB-0432-3B91F98312E0}.Debug|Any CPU.Build.0 = Debug|Any CPU
		{AC33E64B-23E7-3CDB-0432-3B91F98312E0}.Release|Any CPU.ActiveCfg = Release|Any CPU
		{AC33E64B-23E7-3CDB-0432-3B91F98312E0}.Release|Any CPU.Build.0 = Release|Any CPU
		{BD293A5A-441C-EB4E-B554-0310EB9233EC}.Debug|Any CPU.ActiveCfg = Debug|Any CPU
		{BD293A5A-441C-EB4E-B554-0310EB9233EC}.Debug|Any CPU.Build.0 = Debug|Any CPU
		{BD293A5A-441C-EB4E-B554-0310EB9233EC}.Release|Any CPU.ActiveCfg = Release|Any CPU
		{BD293A5A-441C-EB4E-B554-0310EB9233EC}.Release|Any CPU.Build.0 = Release|Any CPU
		{223BB85F-8007-D3DF-BE50-0FB5142B4C92}.Debug|Any CPU.ActiveCfg = Debug|Any CPU
		{223BB85F-8007-D3DF-BE50-0FB5142B4C92}.Debug|Any CPU.Build.0 = Debug|Any CPU
		{223BB85F-8007-D3DF-BE50-0FB5142B4C92}.Release|Any CPU.ActiveCfg = Release|Any CPU
		{223BB85F-8007-D3DF-BE50-0FB5142B4C92}.Release|Any CPU.Build.0 = Release|Any CPU
		{6BD526AF-3E68-7F57-CA3E-C1DC402579AD}.Debug|Any CPU.ActiveCfg = Debug|Any CPU
		{6BD526AF-3E68-7F57-CA3E-C1DC402579AD}.Debug|Any CPU.Build.0 = Debug|Any CPU
		{6BD526AF-3E68-7F57-CA3E-C1DC402579AD}.Release|Any CPU.ActiveCfg = Release|Any CPU
		{6BD526AF-3E68-7F57-CA3E-C1DC402579AD}.Release|Any CPU.Build.0 = Release|Any CPU
		{6232827D-E4A7-16ED-BA6E-E823F674E344}.Debug|Any CPU.ActiveCfg = Debug|Any CPU
		{6232827D-E4A7-16ED-BA6E-E823F674E344}.Debug|Any CPU.Build.0 = Debug|Any CPU
		{6232827D-E4A7-16ED-BA6E-E823F674E344}.Release|Any CPU.ActiveCfg = Release|Any CPU
		{6232827D-E4A7-16ED-BA6E-E823F674E344}.Release|Any CPU.Build.0 = Release|Any CPU
		{03B8D9E6-A950-121F-4405-07D4D1D7BC55}.Debug|Any CPU.ActiveCfg = Debug|Any CPU
		{03B8D9E6-A950-121F-4405-07D4D1D7BC55}.Debug|Any CPU.Build.0 = Debug|Any CPU
		{03B8D9E6-A950-121F-4405-07D4D1D7BC55}.Release|Any CPU.ActiveCfg = Release|Any CPU
		{03B8D9E6-A950-121F-4405-07D4D1D7BC55}.Release|Any CPU.Build.0 = Release|Any CPU
		{0770F191-1637-809A-E2B6-0159796BE420}.Debug|Any CPU.ActiveCfg = Debug|Any CPU
		{0770F191-1637-809A-E2B6-0159796BE420}.Debug|Any CPU.Build.0 = Debug|Any CPU
		{0770F191-1637-809A-E2B6-0159796BE420}.Release|Any CPU.ActiveCfg = Release|Any CPU
		{0770F191-1637-809A-E2B6-0159796BE420}.Release|Any CPU.Build.0 = Release|Any CPU
		{448C4A45-EC71-C53F-1BC3-35C18593C740}.Debug|Any CPU.ActiveCfg = Debug|Any CPU
		{448C4A45-EC71-C53F-1BC3-35C18593C740}.Debug|Any CPU.Build.0 = Debug|Any CPU
		{448C4A45-EC71-C53F-1BC3-35C18593C740}.Release|Any CPU.ActiveCfg = Release|Any CPU
		{448C4A45-EC71-C53F-1BC3-35C18593C740}.Release|Any CPU.Build.0 = Release|Any CPU
		{D99CADC5-6539-DAC7-7455-DDC563EC6ABD}.Debug|Any CPU.ActiveCfg = Debug|Any CPU
		{D99CADC5-6539-DAC7-7455-DDC563EC6ABD}.Debug|Any CPU.Build.0 = Debug|Any CPU
		{D99CADC5-6539-DAC7-7455-DDC563EC6ABD}.Release|Any CPU.ActiveCfg = Release|Any CPU
		{D99CADC5-6539-DAC7-7455-DDC563EC6ABD}.Release|Any CPU.Build.0 = Release|Any CPU
		{F24232AE-BC41-0171-EC81-EE5853D6B220}.Debug|Any CPU.ActiveCfg = Debug|Any CPU
		{F24232AE-BC41-0171-EC81-EE5853D6B220}.Debug|Any CPU.Build.0 = Debug|Any CPU
		{F24232AE-BC41-0171-EC81-EE5853D6B220}.Release|Any CPU.ActiveCfg = Release|Any CPU
		{F24232AE-BC41-0171-EC81-EE5853D6B220}.Release|Any CPU.Build.0 = Release|Any CPU
		{F23AD8C5-5F60-20D4-D1B9-D1182250024E}.Debug|Any CPU.ActiveCfg = Debug|Any CPU
		{F23AD8C5-5F60-20D4-D1B9-D1182250024E}.Debug|Any CPU.Build.0 = Debug|Any CPU
		{F23AD8C5-5F60-20D4-D1B9-D1182250024E}.Release|Any CPU.ActiveCfg = Release|Any CPU
		{F23AD8C5-5F60-20D4-D1B9-D1182250024E}.Release|Any CPU.Build.0 = Release|Any CPU
	EndGlobalSection
	GlobalSection(SolutionProperties) = preSolution
		HideSolutionNode = FALSE
	EndGlobalSection
EndGlobal
